// !$*UTF8*$!
{
	archiveVersion = 1;
	classes = {
	};
	objectVersion = 46;
	objects = {

/* Begin PBXBuildFile section */
		1E29E67A18A852AB008B7667 /* Foundation.framework in Frameworks */ = {isa = PBXBuildFile; fileRef = 1E29E67918A852AB008B7667 /* Foundation.framework */; };
		1E29E67C18A852AB008B7667 /* CoreGraphics.framework in Frameworks */ = {isa = PBXBuildFile; fileRef = 1E29E67B18A852AB008B7667 /* CoreGraphics.framework */; };
		1E29E67E18A852AB008B7667 /* UIKit.framework in Frameworks */ = {isa = PBXBuildFile; fileRef = 1E29E67D18A852AB008B7667 /* UIKit.framework */; };
		1E29E68418A852AB008B7667 /* InfoPlist.strings in Resources */ = {isa = PBXBuildFile; fileRef = 1E29E68218A852AB008B7667 /* InfoPlist.strings */; };
		1E29E68618A852AB008B7667 /* main.m in Sources */ = {isa = PBXBuildFile; fileRef = 1E29E68518A852AB008B7667 /* main.m */; };
		1E29E68A18A852AB008B7667 /* BFFAppDelegate.m in Sources */ = {isa = PBXBuildFile; fileRef = 1E29E68918A852AB008B7667 /* BFFAppDelegate.m */; };
		1E29E69318A852AC008B7667 /* XCTest.framework in Frameworks */ = {isa = PBXBuildFile; fileRef = 1E29E69218A852AB008B7667 /* XCTest.framework */; };
		1E29E69418A852AC008B7667 /* Foundation.framework in Frameworks */ = {isa = PBXBuildFile; fileRef = 1E29E67918A852AB008B7667 /* Foundation.framework */; };
		1E29E69518A852AC008B7667 /* UIKit.framework in Frameworks */ = {isa = PBXBuildFile; fileRef = 1E29E67D18A852AB008B7667 /* UIKit.framework */; };
		1E29E69D18A852AC008B7667 /* InfoPlist.strings in Resources */ = {isa = PBXBuildFile; fileRef = 1E29E69B18A852AC008B7667 /* InfoPlist.strings */; };
		1E29E69F18A852AC008B7667 /* Borrow_From_FriendsTests.m in Sources */ = {isa = PBXBuildFile; fileRef = 1E29E69E18A852AC008B7667 /* Borrow_From_FriendsTests.m */; };
		1E29E6A918A85C1F008B7667 /* iPhoneMain.storyboard in Resources */ = {isa = PBXBuildFile; fileRef = 1E29E6A818A85C1F008B7667 /* iPhoneMain.storyboard */; };
		1E29E6AB18AB2A8D008B7667 /* FacebookSDK.framework in Frameworks */ = {isa = PBXBuildFile; fileRef = 1E29E6AA18AB2A8D008B7667 /* FacebookSDK.framework */; };
		1E29E6AE18AB2D9B008B7667 /* BFFLoginViewController.m in Sources */ = {isa = PBXBuildFile; fileRef = 1E29E6AD18AB2D9B008B7667 /* BFFLoginViewController.m */; };
		1E29E6B118AB385F008B7667 /* BFFMainPageViewController.m in Sources */ = {isa = PBXBuildFile; fileRef = 1E29E6B018AB385F008B7667 /* BFFMainPageViewController.m */; };
		1E2E17D618B1546500012ECE /* BFFAddItemViewController.m in Sources */ = {isa = PBXBuildFile; fileRef = 1E2E17D518B1546500012ECE /* BFFAddItemViewController.m */; };
		1E6B55F718BC67670075B706 /* Appirater.m in Sources */ = {isa = PBXBuildFile; fileRef = 1E6B55F518BC67670075B706 /* Appirater.m */; };
		1E6B55F918BC67F20075B706 /* CFNetwork.framework in Frameworks */ = {isa = PBXBuildFile; fileRef = 1E6B55F818BC67F20075B706 /* CFNetwork.framework */; };
		1E6B55FB18BC67FC0075B706 /* SystemConfiguration.framework in Frameworks */ = {isa = PBXBuildFile; fileRef = 1E6B55FA18BC67FC0075B706 /* SystemConfiguration.framework */; };
		1E6B55FD18BC68040075B706 /* StoreKit.framework in Frameworks */ = {isa = PBXBuildFile; fileRef = 1E6B55FC18BC68040075B706 /* StoreKit.framework */; settings = {ATTRIBUTES = (Weak, ); }; };
		1E9F11F318B43BC300C8C6B4 /* Toast.m in Sources */ = {isa = PBXBuildFile; fileRef = 1E9F11F218B43BC300C8C6B4 /* Toast.m */; };
		1E9F11FC18B58B3E00C8C6B4 /* BFFConstants.m in Sources */ = {isa = PBXBuildFile; fileRef = 1E9F11FB18B58B3E00C8C6B4 /* BFFConstants.m */; };
		1E9F11FF18B68CD900C8C6B4 /* BFFTransactionDetailViewController.m in Sources */ = {isa = PBXBuildFile; fileRef = 1E9F11FE18B68CD900C8C6B4 /* BFFTransactionDetailViewController.m */; };
		1EAB621718C4096400BF8FFE /* libGoogleAnalyticsServices.a in Frameworks */ = {isa = PBXBuildFile; fileRef = 1EAB621618C4096400BF8FFE /* libGoogleAnalyticsServices.a */; };
		1EAB621918C4098100BF8FFE /* CoreData.framework in Frameworks */ = {isa = PBXBuildFile; fileRef = 1EAB621818C4098100BF8FFE /* CoreData.framework */; };
		1EAB621B18C409B500BF8FFE /* libz.dylib in Frameworks */ = {isa = PBXBuildFile; fileRef = 1EAB621A18C409B500BF8FFE /* libz.dylib */; };
		1EAB622318FA4E1400BF8FFE /* background.png in Resources */ = {isa = PBXBuildFile; fileRef = 1EAB622218FA4E1400BF8FFE /* background.png */; };
		A528C63618CC370D00195877 /* libGoogleAnalyticsServices.a in Frameworks */ = {isa = PBXBuildFile; fileRef = A528C63518CC370D00195877 /* libGoogleAnalyticsServices.a */; };
		A54CE4DC18B6E22A0040F936 /* FacebookSDK.framework in Frameworks */ = {isa = PBXBuildFile; fileRef = A54CE4DB18B6E22A0040F936 /* FacebookSDK.framework */; };
		A54CE50E18B96A390040F936 /* settings-25.png in Resources */ = {isa = PBXBuildFile; fileRef = A54CE50618B96A390040F936 /* settings-25.png */; };
		A54CE50F18B96A390040F936 /* settings-32.png in Resources */ = {isa = PBXBuildFile; fileRef = A54CE50718B96A390040F936 /* settings-32.png */; };
		A54CE51018B96A390040F936 /* settings-50.png in Resources */ = {isa = PBXBuildFile; fileRef = A54CE50818B96A390040F936 /* settings-50.png */; };
		A54CE51118B96A390040F936 /* settings-75.png in Resources */ = {isa = PBXBuildFile; fileRef = A54CE50918B96A390040F936 /* settings-75.png */; };
		A54CE51218B96A390040F936 /* settings-100.png in Resources */ = {isa = PBXBuildFile; fileRef = A54CE50A18B96A390040F936 /* settings-100.png */; };
		A54CE51318B96A390040F936 /* settings-128.png in Resources */ = {isa = PBXBuildFile; fileRef = A54CE50B18B96A390040F936 /* settings-128.png */; };
		A54CE51418B96A390040F936 /* settings-256.png in Resources */ = {isa = PBXBuildFile; fileRef = A54CE50C18B96A390040F936 /* settings-256.png */; };
		A54CE51518B96A390040F936 /* settings-512.png in Resources */ = {isa = PBXBuildFile; fileRef = A54CE50D18B96A390040F936 /* settings-512.png */; };
		A54CE51818B96EB30040F936 /* BFFSettingsPageViewController.m in Sources */ = {isa = PBXBuildFile; fileRef = A54CE51718B96EB30040F936 /* BFFSettingsPageViewController.m */; };
		A5A4B6F718F3B2E2008B3AF9 /* Images-2.xcassets in Resources */ = {isa = PBXBuildFile; fileRef = A5A4B6F618F3B2E2008B3AF9 /* Images-2.xcassets */; };
		A5A4B6F918F3B4C0008B3AF9 /* BFF_Icon_DavidZhao.jpg in Resources */ = {isa = PBXBuildFile; fileRef = A5A4B6F818F3B4BF008B3AF9 /* BFF_Icon_DavidZhao.jpg */; };
		A5AB0A1B18BBE3B70036389C /* blackaccessorybutton.png in Resources */ = {isa = PBXBuildFile; fileRef = A5AB0A1A18BBE3B70036389C /* blackaccessorybutton.png */; };
		A5AB0A1E18BBF9930036389C /* blue_accessory_button.png in Resources */ = {isa = PBXBuildFile; fileRef = A5AB0A1C18BBF9920036389C /* blue_accessory_button.png */; };
		A5AB0A1F18BBF9930036389C /* orange_accessory_button.png in Resources */ = {isa = PBXBuildFile; fileRef = A5AB0A1D18BBF9920036389C /* orange_accessory_button.png */; };
		A5AB0A2218BE634F0036389C /* BFFGlobalMethods.m in Sources */ = {isa = PBXBuildFile; fileRef = A5AB0A2118BE634F0036389C /* BFFGlobalMethods.m */; };
		A5AB0A2418C2D12C0036389C /* iTunesArtwork.png in Resources */ = {isa = PBXBuildFile; fileRef = A5AB0A2318C2D12C0036389C /* iTunesArtwork.png */; };
		A5AB0A2618C2EF520036389C /* Borrow_From_Friends_Icon_Gray.png in Resources */ = {isa = PBXBuildFile; fileRef = A5AB0A2518C2EF520036389C /* Borrow_From_Friends_Icon_Gray.png */; };
		A5B3B7F718FA584500162440 /* BFF_IconDZ_Rounded.png in Resources */ = {isa = PBXBuildFile; fileRef = A5B3B7F618FA584500162440 /* BFF_IconDZ_Rounded.png */; };
/* End PBXBuildFile section */

/* Begin PBXContainerItemProxy section */
		1E29E69618A852AC008B7667 /* PBXContainerItemProxy */ = {
			isa = PBXContainerItemProxy;
			containerPortal = 1E29E66E18A852AB008B7667 /* Project object */;
			proxyType = 1;
			remoteGlobalIDString = 1E29E67518A852AB008B7667;
			remoteInfo = "Borrow From Friends";
		};
/* End PBXContainerItemProxy section */

/* Begin PBXFileReference section */
		1E29E67618A852AB008B7667 /* Borrow From Friends.app */ = {isa = PBXFileReference; explicitFileType = wrapper.application; includeInIndex = 0; path = "Borrow From Friends.app"; sourceTree = BUILT_PRODUCTS_DIR; };
		1E29E67918A852AB008B7667 /* Foundation.framework */ = {isa = PBXFileReference; lastKnownFileType = wrapper.framework; name = Foundation.framework; path = System/Library/Frameworks/Foundation.framework; sourceTree = SDKROOT; };
		1E29E67B18A852AB008B7667 /* CoreGraphics.framework */ = {isa = PBXFileReference; lastKnownFileType = wrapper.framework; name = CoreGraphics.framework; path = System/Library/Frameworks/CoreGraphics.framework; sourceTree = SDKROOT; };
		1E29E67D18A852AB008B7667 /* UIKit.framework */ = {isa = PBXFileReference; lastKnownFileType = wrapper.framework; name = UIKit.framework; path = System/Library/Frameworks/UIKit.framework; sourceTree = SDKROOT; };
		1E29E68118A852AB008B7667 /* Borrow From Friends-Info.plist */ = {isa = PBXFileReference; lastKnownFileType = text.plist.xml; path = "Borrow From Friends-Info.plist"; sourceTree = "<group>"; };
		1E29E68318A852AB008B7667 /* en */ = {isa = PBXFileReference; lastKnownFileType = text.plist.strings; name = en; path = en.lproj/InfoPlist.strings; sourceTree = "<group>"; };
		1E29E68518A852AB008B7667 /* main.m */ = {isa = PBXFileReference; lastKnownFileType = sourcecode.c.objc; path = main.m; sourceTree = "<group>"; };
		1E29E68718A852AB008B7667 /* Borrow From Friends-Prefix.pch */ = {isa = PBXFileReference; lastKnownFileType = sourcecode.c.h; path = "Borrow From Friends-Prefix.pch"; sourceTree = "<group>"; };
		1E29E68818A852AB008B7667 /* BFFAppDelegate.h */ = {isa = PBXFileReference; lastKnownFileType = sourcecode.c.h; path = BFFAppDelegate.h; sourceTree = "<group>"; };
		1E29E68918A852AB008B7667 /* BFFAppDelegate.m */ = {isa = PBXFileReference; lastKnownFileType = sourcecode.c.objc; path = BFFAppDelegate.m; sourceTree = "<group>"; };
		1E29E69118A852AB008B7667 /* Borrow From FriendsTests.xctest */ = {isa = PBXFileReference; explicitFileType = wrapper.cfbundle; includeInIndex = 0; path = "Borrow From FriendsTests.xctest"; sourceTree = BUILT_PRODUCTS_DIR; };
		1E29E69218A852AB008B7667 /* XCTest.framework */ = {isa = PBXFileReference; lastKnownFileType = wrapper.framework; name = XCTest.framework; path = Library/Frameworks/XCTest.framework; sourceTree = DEVELOPER_DIR; };
		1E29E69A18A852AC008B7667 /* Borrow From FriendsTests-Info.plist */ = {isa = PBXFileReference; lastKnownFileType = text.plist.xml; path = "Borrow From FriendsTests-Info.plist"; sourceTree = "<group>"; };
		1E29E69C18A852AC008B7667 /* en */ = {isa = PBXFileReference; lastKnownFileType = text.plist.strings; name = en; path = en.lproj/InfoPlist.strings; sourceTree = "<group>"; };
		1E29E69E18A852AC008B7667 /* Borrow_From_FriendsTests.m */ = {isa = PBXFileReference; lastKnownFileType = sourcecode.c.objc; path = Borrow_From_FriendsTests.m; sourceTree = "<group>"; };
		1E29E6A818A85C1F008B7667 /* iPhoneMain.storyboard */ = {isa = PBXFileReference; fileEncoding = 4; lastKnownFileType = file.storyboard; path = iPhoneMain.storyboard; sourceTree = "<group>"; };
		1E29E6AA18AB2A8D008B7667 /* FacebookSDK.framework */ = {isa = PBXFileReference; lastKnownFileType = wrapper.framework; name = FacebookSDK.framework; path = ../../FacebookSDK/FacebookSDK.framework; sourceTree = "<group>"; };
		1E29E6AC18AB2D9B008B7667 /* BFFLoginViewController.h */ = {isa = PBXFileReference; fileEncoding = 4; lastKnownFileType = sourcecode.c.h; path = BFFLoginViewController.h; sourceTree = "<group>"; };
		1E29E6AD18AB2D9B008B7667 /* BFFLoginViewController.m */ = {isa = PBXFileReference; fileEncoding = 4; lastKnownFileType = sourcecode.c.objc; path = BFFLoginViewController.m; sourceTree = "<group>"; };
		1E29E6AF18AB385F008B7667 /* BFFMainPageViewController.h */ = {isa = PBXFileReference; fileEncoding = 4; lastKnownFileType = sourcecode.c.h; path = BFFMainPageViewController.h; sourceTree = "<group>"; };
		1E29E6B018AB385F008B7667 /* BFFMainPageViewController.m */ = {isa = PBXFileReference; fileEncoding = 4; lastKnownFileType = sourcecode.c.objc; path = BFFMainPageViewController.m; sourceTree = "<group>"; };
		1E2E17D418B1546500012ECE /* BFFAddItemViewController.h */ = {isa = PBXFileReference; fileEncoding = 4; lastKnownFileType = sourcecode.c.h; path = BFFAddItemViewController.h; sourceTree = "<group>"; };
		1E2E17D518B1546500012ECE /* BFFAddItemViewController.m */ = {isa = PBXFileReference; fileEncoding = 4; lastKnownFileType = sourcecode.c.objc; path = BFFAddItemViewController.m; sourceTree = "<group>"; };
		1E6B55F418BC67670075B706 /* Appirater.h */ = {isa = PBXFileReference; fileEncoding = 4; lastKnownFileType = sourcecode.c.h; path = Appirater.h; sourceTree = "<group>"; };
		1E6B55F518BC67670075B706 /* Appirater.m */ = {isa = PBXFileReference; fileEncoding = 4; lastKnownFileType = sourcecode.c.objc; path = Appirater.m; sourceTree = "<group>"; };
		1E6B55F618BC67670075B706 /* AppiraterDelegate.h */ = {isa = PBXFileReference; fileEncoding = 4; lastKnownFileType = sourcecode.c.h; path = AppiraterDelegate.h; sourceTree = "<group>"; };
		1E6B55F818BC67F20075B706 /* CFNetwork.framework */ = {isa = PBXFileReference; lastKnownFileType = wrapper.framework; name = CFNetwork.framework; path = System/Library/Frameworks/CFNetwork.framework; sourceTree = SDKROOT; };
		1E6B55FA18BC67FC0075B706 /* SystemConfiguration.framework */ = {isa = PBXFileReference; lastKnownFileType = wrapper.framework; name = SystemConfiguration.framework; path = System/Library/Frameworks/SystemConfiguration.framework; sourceTree = SDKROOT; };
		1E6B55FC18BC68040075B706 /* StoreKit.framework */ = {isa = PBXFileReference; lastKnownFileType = wrapper.framework; name = StoreKit.framework; path = System/Library/Frameworks/StoreKit.framework; sourceTree = SDKROOT; };
		1E9F11F118B43BC300C8C6B4 /* Toast.h */ = {isa = PBXFileReference; fileEncoding = 4; lastKnownFileType = sourcecode.c.h; path = Toast.h; sourceTree = "<group>"; };
		1E9F11F218B43BC300C8C6B4 /* Toast.m */ = {isa = PBXFileReference; fileEncoding = 4; lastKnownFileType = sourcecode.c.objc; path = Toast.m; sourceTree = "<group>"; };
		1E9F11FA18B58B3E00C8C6B4 /* BFFConstants.h */ = {isa = PBXFileReference; fileEncoding = 4; lastKnownFileType = sourcecode.c.h; path = BFFConstants.h; sourceTree = "<group>"; };
		1E9F11FB18B58B3E00C8C6B4 /* BFFConstants.m */ = {isa = PBXFileReference; fileEncoding = 4; lastKnownFileType = sourcecode.c.objc; path = BFFConstants.m; sourceTree = "<group>"; };
		1E9F11FD18B68CD900C8C6B4 /* BFFTransactionDetailViewController.h */ = {isa = PBXFileReference; fileEncoding = 4; lastKnownFileType = sourcecode.c.h; path = BFFTransactionDetailViewController.h; sourceTree = "<group>"; };
		1E9F11FE18B68CD900C8C6B4 /* BFFTransactionDetailViewController.m */ = {isa = PBXFileReference; fileEncoding = 4; lastKnownFileType = sourcecode.c.objc; path = BFFTransactionDetailViewController.m; sourceTree = "<group>"; };
		1EAB621618C4096400BF8FFE /* libGoogleAnalyticsServices.a */ = {isa = PBXFileReference; lastKnownFileType = archive.ar; path = libGoogleAnalyticsServices.a; sourceTree = "<group>"; };
		1EAB621818C4098100BF8FFE /* CoreData.framework */ = {isa = PBXFileReference; lastKnownFileType = wrapper.framework; name = CoreData.framework; path = System/Library/Frameworks/CoreData.framework; sourceTree = SDKROOT; };
		1EAB621A18C409B500BF8FFE /* libz.dylib */ = {isa = PBXFileReference; lastKnownFileType = "compiled.mach-o.dylib"; name = libz.dylib; path = usr/lib/libz.dylib; sourceTree = SDKROOT; };
		1EAB622218FA4E1400BF8FFE /* background.png */ = {isa = PBXFileReference; lastKnownFileType = image.png; path = background.png; sourceTree = "<group>"; };
		1EB0999F18C1AA87001449E7 /* GAI.h */ = {isa = PBXFileReference; fileEncoding = 4; lastKnownFileType = sourcecode.c.h; path = GAI.h; sourceTree = "<group>"; };
		1EB099A018C1AA87001449E7 /* GAIDictionaryBuilder.h */ = {isa = PBXFileReference; fileEncoding = 4; lastKnownFileType = sourcecode.c.h; path = GAIDictionaryBuilder.h; sourceTree = "<group>"; };
		1EB099A118C1AA87001449E7 /* GAIFields.h */ = {isa = PBXFileReference; fileEncoding = 4; lastKnownFileType = sourcecode.c.h; path = GAIFields.h; sourceTree = "<group>"; };
		1EB099A218C1AA87001449E7 /* GAILogger.h */ = {isa = PBXFileReference; fileEncoding = 4; lastKnownFileType = sourcecode.c.h; path = GAILogger.h; sourceTree = "<group>"; };
		1EB099A318C1AA87001449E7 /* GAITrackedViewController.h */ = {isa = PBXFileReference; fileEncoding = 4; lastKnownFileType = sourcecode.c.h; path = GAITrackedViewController.h; sourceTree = "<group>"; };
		1EB099A418C1AA87001449E7 /* GAITracker.h */ = {isa = PBXFileReference; fileEncoding = 4; lastKnownFileType = sourcecode.c.h; path = GAITracker.h; sourceTree = "<group>"; };
		A528C63518CC370D00195877 /* libGoogleAnalyticsServices.a */ = {isa = PBXFileReference; lastKnownFileType = archive.ar; name = libGoogleAnalyticsServices.a; path = "../../iPhone Resources/GoogleAnalyticsServicesiOS_3.03c/libGoogleAnalyticsServices.a"; sourceTree = "<group>"; };
		A54CE4DB18B6E22A0040F936 /* FacebookSDK.framework */ = {isa = PBXFileReference; lastKnownFileType = wrapper.framework; name = FacebookSDK.framework; path = "../../iPhone Resources/FacebookSDK/FacebookSDK.framework"; sourceTree = "<group>"; };
		A54CE50618B96A390040F936 /* settings-25.png */ = {isa = PBXFileReference; lastKnownFileType = image.png; path = "settings-25.png"; sourceTree = "<group>"; };
		A54CE50718B96A390040F936 /* settings-32.png */ = {isa = PBXFileReference; lastKnownFileType = image.png; path = "settings-32.png"; sourceTree = "<group>"; };
		A54CE50818B96A390040F936 /* settings-50.png */ = {isa = PBXFileReference; lastKnownFileType = image.png; path = "settings-50.png"; sourceTree = "<group>"; };
		A54CE50918B96A390040F936 /* settings-75.png */ = {isa = PBXFileReference; lastKnownFileType = image.png; path = "settings-75.png"; sourceTree = "<group>"; };
		A54CE50A18B96A390040F936 /* settings-100.png */ = {isa = PBXFileReference; lastKnownFileType = image.png; path = "settings-100.png"; sourceTree = "<group>"; };
		A54CE50B18B96A390040F936 /* settings-128.png */ = {isa = PBXFileReference; lastKnownFileType = image.png; path = "settings-128.png"; sourceTree = "<group>"; };
		A54CE50C18B96A390040F936 /* settings-256.png */ = {isa = PBXFileReference; lastKnownFileType = image.png; path = "settings-256.png"; sourceTree = "<group>"; };
		A54CE50D18B96A390040F936 /* settings-512.png */ = {isa = PBXFileReference; lastKnownFileType = image.png; path = "settings-512.png"; sourceTree = "<group>"; };
		A54CE51618B96EB30040F936 /* BFFSettingsPageViewController.h */ = {isa = PBXFileReference; fileEncoding = 4; lastKnownFileType = sourcecode.c.h; path = BFFSettingsPageViewController.h; sourceTree = "<group>"; };
		A54CE51718B96EB30040F936 /* BFFSettingsPageViewController.m */ = {isa = PBXFileReference; fileEncoding = 4; lastKnownFileType = sourcecode.c.objc; path = BFFSettingsPageViewController.m; sourceTree = "<group>"; };
		A5A4B6F618F3B2E2008B3AF9 /* Images-2.xcassets */ = {isa = PBXFileReference; lastKnownFileType = folder.assetcatalog; path = "Images-2.xcassets"; sourceTree = "<group>"; };
		A5A4B6F818F3B4BF008B3AF9 /* BFF_Icon_DavidZhao.jpg */ = {isa = PBXFileReference; lastKnownFileType = image.jpeg; path = BFF_Icon_DavidZhao.jpg; sourceTree = "<group>"; };
		A5AB0A1A18BBE3B70036389C /* blackaccessorybutton.png */ = {isa = PBXFileReference; lastKnownFileType = image.png; path = blackaccessorybutton.png; sourceTree = "<group>"; };
		A5AB0A1C18BBF9920036389C /* blue_accessory_button.png */ = {isa = PBXFileReference; lastKnownFileType = image.png; path = blue_accessory_button.png; sourceTree = "<group>"; };
		A5AB0A1D18BBF9920036389C /* orange_accessory_button.png */ = {isa = PBXFileReference; lastKnownFileType = image.png; path = orange_accessory_button.png; sourceTree = "<group>"; };
		A5AB0A2018BE634F0036389C /* BFFGlobalMethods.h */ = {isa = PBXFileReference; fileEncoding = 4; lastKnownFileType = sourcecode.c.h; path = BFFGlobalMethods.h; sourceTree = "<group>"; };
		A5AB0A2118BE634F0036389C /* BFFGlobalMethods.m */ = {isa = PBXFileReference; fileEncoding = 4; lastKnownFileType = sourcecode.c.objc; path = BFFGlobalMethods.m; sourceTree = "<group>"; };
		A5AB0A2318C2D12C0036389C /* iTunesArtwork.png */ = {isa = PBXFileReference; lastKnownFileType = image.png; path = iTunesArtwork.png; sourceTree = "<group>"; };
		A5AB0A2518C2EF520036389C /* Borrow_From_Friends_Icon_Gray.png */ = {isa = PBXFileReference; lastKnownFileType = image.png; path = Borrow_From_Friends_Icon_Gray.png; sourceTree = "<group>"; };
		A5B3B7F618FA584500162440 /* BFF_IconDZ_Rounded.png */ = {isa = PBXFileReference; lastKnownFileType = image.png; path = BFF_IconDZ_Rounded.png; sourceTree = "<group>"; };
/* End PBXFileReference section */

/* Begin PBXFrameworksBuildPhase section */
		1E29E67318A852AB008B7667 /* Frameworks */ = {
			isa = PBXFrameworksBuildPhase;
			buildActionMask = 2147483647;
			files = (
				1EAB621B18C409B500BF8FFE /* libz.dylib in Frameworks */,
				1EAB621918C4098100BF8FFE /* CoreData.framework in Frameworks */,
				1E6B55FD18BC68040075B706 /* StoreKit.framework in Frameworks */,
				1E6B55FB18BC67FC0075B706 /* SystemConfiguration.framework in Frameworks */,
				1EAB621718C4096400BF8FFE /* libGoogleAnalyticsServices.a in Frameworks */,
				1E6B55F918BC67F20075B706 /* CFNetwork.framework in Frameworks */,
				1E29E67C18A852AB008B7667 /* CoreGraphics.framework in Frameworks */,
				A54CE4DC18B6E22A0040F936 /* FacebookSDK.framework in Frameworks */,
				1E29E6AB18AB2A8D008B7667 /* FacebookSDK.framework in Frameworks */,
				1E29E67E18A852AB008B7667 /* UIKit.framework in Frameworks */,
				1E29E67A18A852AB008B7667 /* Foundation.framework in Frameworks */,
				A528C63618CC370D00195877 /* libGoogleAnalyticsServices.a in Frameworks */,
			);
			runOnlyForDeploymentPostprocessing = 0;
		};
		1E29E68E18A852AB008B7667 /* Frameworks */ = {
			isa = PBXFrameworksBuildPhase;
			buildActionMask = 2147483647;
			files = (
				1E29E69318A852AC008B7667 /* XCTest.framework in Frameworks */,
				1E29E69518A852AC008B7667 /* UIKit.framework in Frameworks */,
				1E29E69418A852AC008B7667 /* Foundation.framework in Frameworks */,
			);
			runOnlyForDeploymentPostprocessing = 0;
		};
/* End PBXFrameworksBuildPhase section */

/* Begin PBXGroup section */
		1E29E66D18A852AB008B7667 = {
			isa = PBXGroup;
			children = (
				A54CE4E418B968030040F936 /* Resources */,
				1E29E67F18A852AB008B7667 /* Borrow From Friends */,
				1E29E69818A852AC008B7667 /* Borrow From FriendsTests */,
				1E29E67818A852AB008B7667 /* Frameworks */,
				1E29E67718A852AB008B7667 /* Products */,
			);
			sourceTree = "<group>";
		};
		1E29E67718A852AB008B7667 /* Products */ = {
			isa = PBXGroup;
			children = (
				1E29E67618A852AB008B7667 /* Borrow From Friends.app */,
				1E29E69118A852AB008B7667 /* Borrow From FriendsTests.xctest */,
			);
			name = Products;
			sourceTree = "<group>";
		};
		1E29E67818A852AB008B7667 /* Frameworks */ = {
			isa = PBXGroup;
			children = (
				A528C63518CC370D00195877 /* libGoogleAnalyticsServices.a */,
				1EAB621A18C409B500BF8FFE /* libz.dylib */,
				1EAB621818C4098100BF8FFE /* CoreData.framework */,
				1EAB621618C4096400BF8FFE /* libGoogleAnalyticsServices.a */,
				1E6B55FC18BC68040075B706 /* StoreKit.framework */,
				1E6B55FA18BC67FC0075B706 /* SystemConfiguration.framework */,
				1E6B55F818BC67F20075B706 /* CFNetwork.framework */,
				A54CE4DB18B6E22A0040F936 /* FacebookSDK.framework */,
				1E29E6AA18AB2A8D008B7667 /* FacebookSDK.framework */,
				1E29E67918A852AB008B7667 /* Foundation.framework */,
				1E29E67B18A852AB008B7667 /* CoreGraphics.framework */,
				1E29E67D18A852AB008B7667 /* UIKit.framework */,
				1E29E69218A852AB008B7667 /* XCTest.framework */,
			);
			name = Frameworks;
			sourceTree = "<group>";
		};
		1E29E67F18A852AB008B7667 /* Borrow From Friends */ = {
			isa = PBXGroup;
			children = (
				A5AB0A2018BE634F0036389C /* BFFGlobalMethods.h */,
				A5AB0A2118BE634F0036389C /* BFFGlobalMethods.m */,
				1E6B55F418BC67670075B706 /* Appirater.h */,
				1E6B55F518BC67670075B706 /* Appirater.m */,
				1E6B55F618BC67670075B706 /* AppiraterDelegate.h */,
				A54CE51618B96EB30040F936 /* BFFSettingsPageViewController.h */,
				A54CE51718B96EB30040F936 /* BFFSettingsPageViewController.m */,
				1E9F11FD18B68CD900C8C6B4 /* BFFTransactionDetailViewController.h */,
				1E9F11FE18B68CD900C8C6B4 /* BFFTransactionDetailViewController.m */,
				1E9F11FA18B58B3E00C8C6B4 /* BFFConstants.h */,
				1E9F11FB18B58B3E00C8C6B4 /* BFFConstants.m */,
				1E9F11F118B43BC300C8C6B4 /* Toast.h */,
				1E9F11F218B43BC300C8C6B4 /* Toast.m */,
				1E2E17D418B1546500012ECE /* BFFAddItemViewController.h */,
				1E2E17D518B1546500012ECE /* BFFAddItemViewController.m */,
				1E29E6AF18AB385F008B7667 /* BFFMainPageViewController.h */,
				1E29E6B018AB385F008B7667 /* BFFMainPageViewController.m */,
				1E29E6AC18AB2D9B008B7667 /* BFFLoginViewController.h */,
				1E29E6AD18AB2D9B008B7667 /* BFFLoginViewController.m */,
				1E29E68818A852AB008B7667 /* BFFAppDelegate.h */,
				1E29E68918A852AB008B7667 /* BFFAppDelegate.m */,
				1E29E6A818A85C1F008B7667 /* iPhoneMain.storyboard */,
				1EB0999818C1A7DA001449E7 /* Google Analytics */,
				A5A4B6F618F3B2E2008B3AF9 /* Images-2.xcassets */,
				1E29E68018A852AB008B7667 /* Supporting Files */,
			);
			path = "Borrow From Friends";
			sourceTree = "<group>";
		};
		1E29E68018A852AB008B7667 /* Supporting Files */ = {
			isa = PBXGroup;
			children = (
				1E29E68118A852AB008B7667 /* Borrow From Friends-Info.plist */,
				1E29E68218A852AB008B7667 /* InfoPlist.strings */,
				1E29E68518A852AB008B7667 /* main.m */,
				1E29E68718A852AB008B7667 /* Borrow From Friends-Prefix.pch */,
			);
			name = "Supporting Files";
			sourceTree = "<group>";
		};
		1E29E69818A852AC008B7667 /* Borrow From FriendsTests */ = {
			isa = PBXGroup;
			children = (
				1E29E69E18A852AC008B7667 /* Borrow_From_FriendsTests.m */,
				1E29E69918A852AC008B7667 /* Supporting Files */,
			);
			path = "Borrow From FriendsTests";
			sourceTree = "<group>";
		};
		1E29E69918A852AC008B7667 /* Supporting Files */ = {
			isa = PBXGroup;
			children = (
				1E29E69A18A852AC008B7667 /* Borrow From FriendsTests-Info.plist */,
				1E29E69B18A852AC008B7667 /* InfoPlist.strings */,
			);
			name = "Supporting Files";
			sourceTree = "<group>";
		};
		1EB0999818C1A7DA001449E7 /* Google Analytics */ = {
			isa = PBXGroup;
			children = (
				1EB0999F18C1AA87001449E7 /* GAI.h */,
				1EB099A018C1AA87001449E7 /* GAIDictionaryBuilder.h */,
				1EB099A118C1AA87001449E7 /* GAIFields.h */,
				1EB099A218C1AA87001449E7 /* GAILogger.h */,
				1EB099A318C1AA87001449E7 /* GAITrackedViewController.h */,
				1EB099A418C1AA87001449E7 /* GAITracker.h */,
			);
			name = "Google Analytics";
			sourceTree = "<group>";
		};
		A54CE4E418B968030040F936 /* Resources */ = {
			isa = PBXGroup;
			children = (
				A54CE4E518B968090040F936 /* Images */,
			);
			name = Resources;
			sourceTree = "<group>";
		};
		A54CE4E518B968090040F936 /* Images */ = {
			isa = PBXGroup;
			children = (
				A5B3B7F618FA584500162440 /* BFF_IconDZ_Rounded.png */,
				1EAB622218FA4E1400BF8FFE /* background.png */,
				A5A4B6F818F3B4BF008B3AF9 /* BFF_Icon_DavidZhao.jpg */,
				A5AB0A2518C2EF520036389C /* Borrow_From_Friends_Icon_Gray.png */,
				A5AB0A2318C2D12C0036389C /* iTunesArtwork.png */,
				A5AB0A1C18BBF9920036389C /* blue_accessory_button.png */,
				A5AB0A1D18BBF9920036389C /* orange_accessory_button.png */,
				A5AB0A1A18BBE3B70036389C /* blackaccessorybutton.png */,
				A54CE50618B96A390040F936 /* settings-25.png */,
				A54CE50718B96A390040F936 /* settings-32.png */,
				A54CE50818B96A390040F936 /* settings-50.png */,
				A54CE50918B96A390040F936 /* settings-75.png */,
				A54CE50A18B96A390040F936 /* settings-100.png */,
				A54CE50B18B96A390040F936 /* settings-128.png */,
				A54CE50C18B96A390040F936 /* settings-256.png */,
				A54CE50D18B96A390040F936 /* settings-512.png */,
			);
			name = Images;
			sourceTree = "<group>";
		};
/* End PBXGroup section */

/* Begin PBXNativeTarget section */
		1E29E67518A852AB008B7667 /* Borrow From Friends */ = {
			isa = PBXNativeTarget;
			buildConfigurationList = 1E29E6A218A852AC008B7667 /* Build configuration list for PBXNativeTarget "Borrow From Friends" */;
			buildPhases = (
				1E29E67218A852AB008B7667 /* Sources */,
				1E29E67318A852AB008B7667 /* Frameworks */,
				1E29E67418A852AB008B7667 /* Resources */,
			);
			buildRules = (
			);
			dependencies = (
			);
			name = "Borrow From Friends";
			productName = "Borrow From Friends";
			productReference = 1E29E67618A852AB008B7667 /* Borrow From Friends.app */;
			productType = "com.apple.product-type.application";
		};
		1E29E69018A852AB008B7667 /* Borrow From FriendsTests */ = {
			isa = PBXNativeTarget;
			buildConfigurationList = 1E29E6A518A852AC008B7667 /* Build configuration list for PBXNativeTarget "Borrow From FriendsTests" */;
			buildPhases = (
				1E29E68D18A852AB008B7667 /* Sources */,
				1E29E68E18A852AB008B7667 /* Frameworks */,
				1E29E68F18A852AB008B7667 /* Resources */,
			);
			buildRules = (
			);
			dependencies = (
				1E29E69718A852AC008B7667 /* PBXTargetDependency */,
			);
			name = "Borrow From FriendsTests";
			productName = "Borrow From FriendsTests";
			productReference = 1E29E69118A852AB008B7667 /* Borrow From FriendsTests.xctest */;
			productType = "com.apple.product-type.bundle.unit-test";
		};
/* End PBXNativeTarget section */

/* Begin PBXProject section */
		1E29E66E18A852AB008B7667 /* Project object */ = {
			isa = PBXProject;
			attributes = {
				CLASSPREFIX = BFF;
				LastUpgradeCheck = 0500;
				ORGANIZATIONNAME = "Nikhil and Aneesh";
				TargetAttributes = {
					1E29E67518A852AB008B7667 = {
						DevelopmentTeam = FUFG886MT6;
					};
					1E29E69018A852AB008B7667 = {
						TestTargetID = 1E29E67518A852AB008B7667;
					};
				};
			};
			buildConfigurationList = 1E29E67118A852AB008B7667 /* Build configuration list for PBXProject "Borrow From Friends" */;
			compatibilityVersion = "Xcode 3.2";
			developmentRegion = English;
			hasScannedForEncodings = 0;
			knownRegions = (
				en,
			);
			mainGroup = 1E29E66D18A852AB008B7667;
			productRefGroup = 1E29E67718A852AB008B7667 /* Products */;
			projectDirPath = "";
			projectRoot = "";
			targets = (
				1E29E67518A852AB008B7667 /* Borrow From Friends */,
				1E29E69018A852AB008B7667 /* Borrow From FriendsTests */,
			);
		};
/* End PBXProject section */

/* Begin PBXResourcesBuildPhase section */
		1E29E67418A852AB008B7667 /* Resources */ = {
			isa = PBXResourcesBuildPhase;
			buildActionMask = 2147483647;
			files = (
				A54CE51418B96A390040F936 /* settings-256.png in Resources */,
				1E29E68418A852AB008B7667 /* InfoPlist.strings in Resources */,
				A5A4B6F718F3B2E2008B3AF9 /* Images-2.xcassets in Resources */,
				A5AB0A2618C2EF520036389C /* Borrow_From_Friends_Icon_Gray.png in Resources */,
				A5B3B7F718FA584500162440 /* BFF_IconDZ_Rounded.png in Resources */,
				A5AB0A2418C2D12C0036389C /* iTunesArtwork.png in Resources */,
				A54CE51218B96A390040F936 /* settings-100.png in Resources */,
				1E29E6A918A85C1F008B7667 /* iPhoneMain.storyboard in Resources */,
				1EAB622318FA4E1400BF8FFE /* background.png in Resources */,
				A54CE51518B96A390040F936 /* settings-512.png in Resources */,
				A5A4B6F918F3B4C0008B3AF9 /* BFF_Icon_DavidZhao.jpg in Resources */,
				A54CE50E18B96A390040F936 /* settings-25.png in Resources */,
				A54CE50F18B96A390040F936 /* settings-32.png in Resources */,
				A5AB0A1F18BBF9930036389C /* orange_accessory_button.png in Resources */,
				A5AB0A1B18BBE3B70036389C /* blackaccessorybutton.png in Resources */,
				A5AB0A1E18BBF9930036389C /* blue_accessory_button.png in Resources */,
				A54CE51318B96A390040F936 /* settings-128.png in Resources */,
				A54CE51118B96A390040F936 /* settings-75.png in Resources */,
				A54CE51018B96A390040F936 /* settings-50.png in Resources */,
			);
			runOnlyForDeploymentPostprocessing = 0;
		};
		1E29E68F18A852AB008B7667 /* Resources */ = {
			isa = PBXResourcesBuildPhase;
			buildActionMask = 2147483647;
			files = (
				1E29E69D18A852AC008B7667 /* InfoPlist.strings in Resources */,
			);
			runOnlyForDeploymentPostprocessing = 0;
		};
/* End PBXResourcesBuildPhase section */

/* Begin PBXSourcesBuildPhase section */
		1E29E67218A852AB008B7667 /* Sources */ = {
			isa = PBXSourcesBuildPhase;
			buildActionMask = 2147483647;
			files = (
				1E2E17D618B1546500012ECE /* BFFAddItemViewController.m in Sources */,
				1E29E68618A852AB008B7667 /* main.m in Sources */,
				A5AB0A2218BE634F0036389C /* BFFGlobalMethods.m in Sources */,
				A54CE51818B96EB30040F936 /* BFFSettingsPageViewController.m in Sources */,
				1E29E6AE18AB2D9B008B7667 /* BFFLoginViewController.m in Sources */,
				1E9F11F318B43BC300C8C6B4 /* Toast.m in Sources */,
				1E29E68A18A852AB008B7667 /* BFFAppDelegate.m in Sources */,
				1E6B55F718BC67670075B706 /* Appirater.m in Sources */,
				1E9F11FF18B68CD900C8C6B4 /* BFFTransactionDetailViewController.m in Sources */,
				1E29E6B118AB385F008B7667 /* BFFMainPageViewController.m in Sources */,
				1E9F11FC18B58B3E00C8C6B4 /* BFFConstants.m in Sources */,
			);
			runOnlyForDeploymentPostprocessing = 0;
		};
		1E29E68D18A852AB008B7667 /* Sources */ = {
			isa = PBXSourcesBuildPhase;
			buildActionMask = 2147483647;
			files = (
				1E29E69F18A852AC008B7667 /* Borrow_From_FriendsTests.m in Sources */,
			);
			runOnlyForDeploymentPostprocessing = 0;
		};
/* End PBXSourcesBuildPhase section */

/* Begin PBXTargetDependency section */
		1E29E69718A852AC008B7667 /* PBXTargetDependency */ = {
			isa = PBXTargetDependency;
			target = 1E29E67518A852AB008B7667 /* Borrow From Friends */;
			targetProxy = 1E29E69618A852AC008B7667 /* PBXContainerItemProxy */;
		};
/* End PBXTargetDependency section */

/* Begin PBXVariantGroup section */
		1E29E68218A852AB008B7667 /* InfoPlist.strings */ = {
			isa = PBXVariantGroup;
			children = (
				1E29E68318A852AB008B7667 /* en */,
			);
			name = InfoPlist.strings;
			sourceTree = "<group>";
		};
		1E29E69B18A852AC008B7667 /* InfoPlist.strings */ = {
			isa = PBXVariantGroup;
			children = (
				1E29E69C18A852AC008B7667 /* en */,
			);
			name = InfoPlist.strings;
			sourceTree = "<group>";
		};
/* End PBXVariantGroup section */

/* Begin XCBuildConfiguration section */
		1E29E6A018A852AC008B7667 /* Debug */ = {
			isa = XCBuildConfiguration;
			buildSettings = {
				ALWAYS_SEARCH_USER_PATHS = NO;
				ARCHS = "$(ARCHS_STANDARD_INCLUDING_64_BIT)";
				CLANG_CXX_LANGUAGE_STANDARD = "gnu++0x";
				CLANG_CXX_LIBRARY = "libc++";
				CLANG_ENABLE_MODULES = YES;
				CLANG_ENABLE_OBJC_ARC = YES;
				CLANG_WARN_BOOL_CONVERSION = YES;
				CLANG_WARN_CONSTANT_CONVERSION = YES;
				CLANG_WARN_DIRECT_OBJC_ISA_USAGE = YES_ERROR;
				CLANG_WARN_EMPTY_BODY = YES;
				CLANG_WARN_ENUM_CONVERSION = YES;
				CLANG_WARN_INT_CONVERSION = YES;
				CLANG_WARN_OBJC_ROOT_CLASS = YES_ERROR;
				CLANG_WARN__DUPLICATE_METHOD_MATCH = YES;
				"CODE_SIGN_IDENTITY[sdk=iphoneos*]" = "iPhone Developer";
				COPY_PHASE_STRIP = NO;
				GCC_C_LANGUAGE_STANDARD = gnu99;
				GCC_DYNAMIC_NO_PIC = NO;
				GCC_OPTIMIZATION_LEVEL = 0;
				GCC_PREPROCESSOR_DEFINITIONS = (
					"DEBUG=1",
					"$(inherited)",
				);
				GCC_SYMBOLS_PRIVATE_EXTERN = NO;
				GCC_WARN_64_TO_32_BIT_CONVERSION = YES;
				GCC_WARN_ABOUT_RETURN_TYPE = YES_ERROR;
				GCC_WARN_UNDECLARED_SELECTOR = YES;
				GCC_WARN_UNINITIALIZED_AUTOS = YES;
				GCC_WARN_UNUSED_FUNCTION = YES;
				GCC_WARN_UNUSED_VARIABLE = YES;
				IPHONEOS_DEPLOYMENT_TARGET = 7.0;
				ONLY_ACTIVE_ARCH = YES;
				SDKROOT = iphoneos;
				TARGETED_DEVICE_FAMILY = "1,2";
			};
			name = Debug;
		};
		1E29E6A118A852AC008B7667 /* Release */ = {
			isa = XCBuildConfiguration;
			buildSettings = {
				ALWAYS_SEARCH_USER_PATHS = NO;
				ARCHS = "$(ARCHS_STANDARD_INCLUDING_64_BIT)";
				CLANG_CXX_LANGUAGE_STANDARD = "gnu++0x";
				CLANG_CXX_LIBRARY = "libc++";
				CLANG_ENABLE_MODULES = YES;
				CLANG_ENABLE_OBJC_ARC = YES;
				CLANG_WARN_BOOL_CONVERSION = YES;
				CLANG_WARN_CONSTANT_CONVERSION = YES;
				CLANG_WARN_DIRECT_OBJC_ISA_USAGE = YES_ERROR;
				CLANG_WARN_EMPTY_BODY = YES;
				CLANG_WARN_ENUM_CONVERSION = YES;
				CLANG_WARN_INT_CONVERSION = YES;
				CLANG_WARN_OBJC_ROOT_CLASS = YES_ERROR;
				CLANG_WARN__DUPLICATE_METHOD_MATCH = YES;
				"CODE_SIGN_IDENTITY[sdk=iphoneos*]" = "iPhone Developer";
				COPY_PHASE_STRIP = YES;
				ENABLE_NS_ASSERTIONS = NO;
				GCC_C_LANGUAGE_STANDARD = gnu99;
				GCC_WARN_64_TO_32_BIT_CONVERSION = YES;
				GCC_WARN_ABOUT_RETURN_TYPE = YES_ERROR;
				GCC_WARN_UNDECLARED_SELECTOR = YES;
				GCC_WARN_UNINITIALIZED_AUTOS = YES;
				GCC_WARN_UNUSED_FUNCTION = YES;
				GCC_WARN_UNUSED_VARIABLE = YES;
				IPHONEOS_DEPLOYMENT_TARGET = 7.0;
				SDKROOT = iphoneos;
				TARGETED_DEVICE_FAMILY = "1,2";
				VALIDATE_PRODUCT = YES;
			};
			name = Release;
		};
		1E29E6A318A852AC008B7667 /* Debug */ = {
			isa = XCBuildConfiguration;
			buildSettings = {
				ASSETCATALOG_COMPILER_APPICON_NAME = AppIcon;
				ASSETCATALOG_COMPILER_LAUNCHIMAGE_NAME = LaunchImage;
				CODE_SIGN_IDENTITY = "iPhone Developer";
				FRAMEWORK_SEARCH_PATHS = (
					"$(inherited)",
					/Users/nikhilkhanna/Documents/FacebookSDK,
					"/Users/AneeshSachdeva/Documents/Programming/iPhone\\ Resources/FacebookSDK",
				);
				GCC_PRECOMPILE_PREFIX_HEADER = YES;
				GCC_PREFIX_HEADER = "Borrow From Friends/Borrow From Friends-Prefix.pch";
				INFOPLIST_FILE = "Borrow From Friends/Borrow From Friends-Info.plist";
				LIBRARY_SEARCH_PATHS = (
					"$(inherited)",
					"/Users/nikhilkhanna/Documents/Programming/Borrow\\ From\\ Friends",
					"/Users/AneeshSachdeva/Documents/Programming/iPhone\\ Resources/GoogleAnalyticsServicesiOS_3.03c",
				);
				PRODUCT_NAME = "$(TARGET_NAME)";
				TARGETED_DEVICE_FAMILY = "1,2";
				WRAPPER_EXTENSION = app;
			};
			name = Debug;
		};
		1E29E6A418A852AC008B7667 /* Release */ = {
			isa = XCBuildConfiguration;
			buildSettings = {
				ASSETCATALOG_COMPILER_APPICON_NAME = AppIcon;
				ASSETCATALOG_COMPILER_LAUNCHIMAGE_NAME = LaunchImage;
				CODE_SIGN_IDENTITY = "iPhone Developer";
				FRAMEWORK_SEARCH_PATHS = (
					"$(inherited)",
					/Users/nikhilkhanna/Documents/FacebookSDK,
					"/Users/AneeshSachdeva/Documents/Programming/iPhone\\ Resources/FacebookSDK",
				);
				GCC_PRECOMPILE_PREFIX_HEADER = YES;
				GCC_PREFIX_HEADER = "Borrow From Friends/Borrow From Friends-Prefix.pch";
				INFOPLIST_FILE = "Borrow From Friends/Borrow From Friends-Info.plist";
				LIBRARY_SEARCH_PATHS = (
					"$(inherited)",
					"/Users/nikhilkhanna/Documents/Programming/Borrow\\ From\\ Friends",
					"/Users/AneeshSachdeva/Documents/Programming/iPhone\\ Resources/GoogleAnalyticsServicesiOS_3.03c",
				);
				PRODUCT_NAME = "$(TARGET_NAME)";
				TARGETED_DEVICE_FAMILY = "1,2";
				WRAPPER_EXTENSION = app;
			};
			name = Release;
		};
		1E29E6A618A852AC008B7667 /* Debug */ = {
			isa = XCBuildConfiguration;
			buildSettings = {
				ARCHS = "$(ARCHS_STANDARD_INCLUDING_64_BIT)";
				BUNDLE_LOADER = "$(BUILT_PRODUCTS_DIR)/Borrow From Friends.app/Borrow From Friends";
				FRAMEWORK_SEARCH_PATHS = (
					"$(SDKROOT)/Developer/Library/Frameworks",
					"$(inherited)",
					"$(DEVELOPER_FRAMEWORKS_DIR)",
				);
				GCC_PRECOMPILE_PREFIX_HEADER = YES;
				GCC_PREFIX_HEADER = "Borrow From Friends/Borrow From Friends-Prefix.pch";
				GCC_PREPROCESSOR_DEFINITIONS = (
					"DEBUG=1",
					"$(inherited)",
				);
				INFOPLIST_FILE = "Borrow From FriendsTests/Borrow From FriendsTests-Info.plist";
				PRODUCT_NAME = "$(TARGET_NAME)";
				TEST_HOST = "$(BUNDLE_LOADER)";
				WRAPPER_EXTENSION = xctest;
			};
			name = Debug;
		};
		1E29E6A718A852AC008B7667 /* Release */ = {
			isa = XCBuildConfiguration;
			buildSettings = {
				ARCHS = "$(ARCHS_STANDARD_INCLUDING_64_BIT)";
				BUNDLE_LOADER = "$(BUILT_PRODUCTS_DIR)/Borrow From Friends.app/Borrow From Friends";
				FRAMEWORK_SEARCH_PATHS = (
					"$(SDKROOT)/Developer/Library/Frameworks",
					"$(inherited)",
					"$(DEVELOPER_FRAMEWORKS_DIR)",
				);
				GCC_PRECOMPILE_PREFIX_HEADER = YES;
				GCC_PREFIX_HEADER = "Borrow From Friends/Borrow From Friends-Prefix.pch";
				INFOPLIST_FILE = "Borrow From FriendsTests/Borrow From FriendsTests-Info.plist";
				PRODUCT_NAME = "$(TARGET_NAME)";
				TEST_HOST = "$(BUNDLE_LOADER)";
				WRAPPER_EXTENSION = xctest;
			};
			name = Release;
		};
/* End XCBuildConfiguration section */

/* Begin XCConfigurationList section */
		1E29E67118A852AB008B7667 /* Build configuration list for PBXProject "Borrow From Friends" */ = {
			isa = XCConfigurationList;
			buildConfigurations = (
				1E29E6A018A852AC008B7667 /* Debug */,
				1E29E6A118A852AC008B7667 /* Release */,
			);
			defaultConfigurationIsVisible = 0;
			defaultConfigurationName = Release;
		};
		1E29E6A218A852AC008B7667 /* Build configuration list for PBXNativeTarget "Borrow From Friends" */ = {
			isa = XCConfigurationList;
			buildConfigurations = (
				1E29E6A318A852AC008B7667 /* Debug */,
				1E29E6A418A852AC008B7667 /* Release */,
			);
			defaultConfigurationIsVisible = 0;
			defaultConfigurationName = Release;
		};
		1E29E6A518A852AC008B7667 /* Build configuration list for PBXNativeTarget "Borrow From FriendsTests" */ = {
			isa = XCConfigurationList;
			buildConfigurations = (
				1E29E6A618A852AC008B7667 /* Debug */,
				1E29E6A718A852AC008B7667 /* Release */,
			);
			defaultConfigurationIsVisible = 0;
			defaultConfigurationName = Release;
		};
/* End XCConfigurationList section */
	};
	rootObject = 1E29E66E18A852AB008B7667 /* Project object */;
}
